
Microsoft Visual Studio Solution File, Format Version 12.00
# Visual Studio Version 17
VisualStudioVersion = 17.3.32922.545
MinimumVisualStudioVersion = 10.0.40219.1
Project("{9A19103F-16F7-4668-BE54-9A1E7A4F7556}") = "LeaderBase.Core", "LeaderBase.Core\LeaderBase.Core.csproj", "{AF8373C9-33FD-4CA8-89CB-DACC45A7DDFB}"
EndProject
Project("{9A19103F-16F7-4668-BE54-9A1E7A4F7556}") = "LeaderBase.Repository", "LeaderBase.Repository\LeaderBase.Repository.csproj", "{310932E1-054B-4751-9441-49521CCCFBF8}"
EndProject
Project("{9A19103F-16F7-4668-BE54-9A1E7A4F7556}") = "LeaderBase.DTO", "LeaderBase.Dto\LeaderBase.DTO.csproj", "{75F4510D-56B3-4AE2-838A-12A74F26E0FF}"
EndProject
Project("{9A19103F-16F7-4668-BE54-9A1E7A4F7556}") = "LeaderBase.Business", "LeaderBase.Business\LeaderBase.Business.csproj", "{A6EC9257-60FD-4F76-A685-4221DD45ACBC}"
EndProject
Project("{9A19103F-16F7-4668-BE54-9A1E7A4F7556}") = "LeaderBase.API", "LeaderBase.API\LeaderBase.API.csproj", "{C5F74EDF-47D3-4B29-9B03-5D2D7EE7B866}"
EndProject
Project("{9A19103F-16F7-4668-BE54-9A1E7A4F7556}") = "LeaderBase.Conversion", "LeaderBase.Conversion\LeaderBase.Conversion.csproj", "{FADC0A53-5569-4713-B1DB-34E2313AE719}"
EndProject
Project("{FAE04EC0-301F-11D3-BF4B-00C04F79EFBC}") = "LeaderBase.DataAccess", "LeaderBase.DataAccess\LeaderBase.DataAccess.csproj", "{E05907CE-4A91-43DC-BC26-C0DEA6A9625A}"
EndProject
Global
	GlobalSection(SolutionConfigurationPlatforms) = preSolution
		Debug|Any CPU = Debug|Any CPU
		Release|Any CPU = Release|Any CPU
	EndGlobalSection
	GlobalSection(ProjectConfigurationPlatforms) = postSolution
		{AF8373C9-33FD-4CA8-89CB-DACC45A7DDFB}.Debug|Any CPU.ActiveCfg = Debug|Any CPU
		{AF8373C9-33FD-4CA8-89CB-DACC45A7DDFB}.Debug|Any CPU.Build.0 = Debug|Any CPU
		{AF8373C9-33FD-4CA8-89CB-DACC45A7DDFB}.Release|Any CPU.ActiveCfg = Release|Any CPU
		{AF8373C9-33FD-4CA8-89CB-DACC45A7DDFB}.Release|Any CPU.Build.0 = Release|Any CPU
		{310932E1-054B-4751-9441-49521CCCFBF8}.Debug|Any CPU.ActiveCfg = Debug|Any CPU
		{310932E1-054B-4751-9441-49521CCCFBF8}.Debug|Any CPU.Build.0 = Debug|Any CPU
		{310932E1-054B-4751-9441-49521CCCFBF8}.Release|Any CPU.ActiveCfg = Release|Any CPU
		{310932E1-054B-4751-9441-49521CCCFBF8}.Release|Any CPU.Build.0 = Release|Any CPU
		{75F4510D-56B3-4AE2-838A-12A74F26E0FF}.Debug|Any CPU.ActiveCfg = Debug|Any CPU
		{75F4510D-56B3-4AE2-838A-12A74F26E0FF}.Debug|Any CPU.Build.0 = Debug|Any CPU
		{75F4510D-56B3-4AE2-838A-12A74F26E0FF}.Release|Any CPU.ActiveCfg = Release|Any CPU
		{75F4510D-56B3-4AE2-838A-12A74F26E0FF}.Release|Any CPU.Build.0 = Release|Any CPU
		{A6EC9257-60FD-4F76-A685-4221DD45ACBC}.Debug|Any CPU.ActiveCfg = Debug|Any CPU
		{A6EC9257-60FD-4F76-A685-4221DD45ACBC}.Debug|Any CPU.Build.0 = Debug|Any CPU
		{A6EC9257-60FD-4F76-A685-4221DD45ACBC}.Release|Any CPU.ActiveCfg = Release|Any CPU
		{A6EC9257-60FD-4F76-A685-4221DD45ACBC}.Release|Any CPU.Build.0 = Release|Any CPU
		{C5F74EDF-47D3-4B29-9B03-5D2D7EE7B866}.Debug|Any CPU.ActiveCfg = Debug|Any CPU
		{C5F74EDF-47D3-4B29-9B03-5D2D7EE7B866}.Debug|Any CPU.Build.0 = Debug|Any CPU
		{C5F74EDF-47D3-4B29-9B03-5D2D7EE7B866}.Release|Any CPU.ActiveCfg = Release|Any CPU
		{C5F74EDF-47D3-4B29-9B03-5D2D7EE7B866}.Release|Any CPU.Build.0 = Release|Any CPU
		{FADC0A53-5569-4713-B1DB-34E2313AE719}.Debug|Any CPU.ActiveCfg = Debug|Any CPU
		{FADC0A53-5569-4713-B1DB-34E2313AE719}.Debug|Any CPU.Build.0 = Debug|Any CPU
		{FADC0A53-5569-4713-B1DB-34E2313AE719}.Release|Any CPU.ActiveCfg = Release|Any CPU
		{FADC0A53-5569-4713-B1DB-34E2313AE719}.Release|Any CPU.Build.0 = Release|Any CPU
		{E05907CE-4A91-43DC-BC26-C0DEA6A9625A}.Debug|Any CPU.ActiveCfg = Debug|Any CPU
		{E05907CE-4A91-43DC-BC26-C0DEA6A9625A}.Debug|Any CPU.Build.0 = Debug|Any CPU
		{E05907CE-4A91-43DC-BC26-C0DEA6A9625A}.Release|Any CPU.ActiveCfg = Release|Any CPU
		{E05907CE-4A91-43DC-BC26-C0DEA6A9625A}.Release|Any CPU.Build.0 = Release|Any CPU
	EndGlobalSection
	GlobalSection(SolutionProperties) = preSolution
		HideSolutionNode = FALSE
	EndGlobalSection
	GlobalSection(ExtensibilityGlobals) = postSolution
		SolutionGuid = {61D3B2F7-EA2A-4354-B4B7-C39C9425F2DF}
	EndGlobalSection
EndGlobal
